<?xml version="1.0" encoding="utf-8"?>
<Project ToolsVersion="4.0" xmlns="http://schemas.microsoft.com/developer/msbuild/2003">
  <ItemGroup>
    <Filter Include="Gluttony">
      <UniqueIdentifier>{AB24E794-97F1-41A0-C00A-3048AC36772E}</UniqueIdentifier>
    </Filter>
    <Filter Include="Gluttony\Events">
      <UniqueIdentifier>{2F826508-9B0D-D3CC-A41E-56C110292FCD}</UniqueIdentifier>
    </Filter>
    <Filter Include="Plattform">
      <UniqueIdentifier>{5E089A46-CA72-4EBD-13B1-FF627F5A2C12}</UniqueIdentifier>
    </Filter>
    <Filter Include="Plattform\Windows">
      <UniqueIdentifier>{9830E16F-0447-DF05-4DBE-6A27B913B08D}</UniqueIdentifier>
    </Filter>
  </ItemGroup>
  <ItemGroup>
    <ClInclude Include="src\Gluttony.h" />
    <ClInclude Include="src\Gluttony\Application.h">
      <Filter>Gluttony</Filter>
    </ClInclude>
    <ClInclude Include="src\Gluttony\Core.h">
      <Filter>Gluttony</Filter>
    </ClInclude>
    <ClInclude Include="src\Gluttony\EntryPoint.h">
      <Filter>Gluttony</Filter>
    </ClInclude>
    <ClInclude Include="src\Gluttony\Events\ApplicationEvent.h">
      <Filter>Gluttony\Events</Filter>
    </ClInclude>
    <ClInclude Include="src\Gluttony\Events\Event.h">
      <Filter>Gluttony\Events</Filter>
    </ClInclude>
    <ClInclude Include="src\Gluttony\Events\KeyEvent.h">
      <Filter>Gluttony\Events</Filter>
    </ClInclude>
    <ClInclude Include="src\Gluttony\Events\MouseEvent.h">
      <Filter>Gluttony\Events</Filter>
    </ClInclude>
    <ClInclude Include="src\Gluttony\Layer.h">
      <Filter>Gluttony</Filter>
    </ClInclude>
    <ClInclude Include="src\Gluttony\LayerStack.h">
      <Filter>Gluttony</Filter>
    </ClInclude>
    <ClInclude Include="src\Gluttony\Log.h">
      <Filter>Gluttony</Filter>
    </ClInclude>
    <ClInclude Include="src\Gluttony\Window.h">
      <Filter>Gluttony</Filter>
    </ClInclude>
    <ClInclude Include="src\Plattform\Windows\WindowsWin.h">
      <Filter>Plattform\Windows</Filter>
    </ClInclude>
    <ClInclude Include="src\glpch.h" />
  </ItemGroup>
  <ItemGroup>
    <ClCompile Include="src\Gluttony\Application.cpp">
      <Filter>Gluttony</Filter>
    </ClCompile>
    <ClCompile Include="src\Gluttony\Layer.cpp">
      <Filter>Gluttony</Filter>
    </ClCompile>
    <ClCompile Include="src\Gluttony\LayerStack.cpp">
      <Filter>Gluttony</Filter>
    </ClCompile>
    <ClCompile Include="src\Gluttony\Log.cpp">
      <Filter>Gluttony</Filter>
    </ClCompile>
    <ClCompile Include="src\Plattform\Windows\WindowsWin.cpp">
      <Filter>Plattform\Windows</Filter>
    </ClCompile>
    <ClCompile Include="src\glpch.cpp" />
  </ItemGroup>
</Project>