<?xml version="1.0" encoding="utf-8"?>
<Project ToolsVersion="4.0" xmlns="http://schemas.microsoft.com/developer/msbuild/2003">
  <ItemGroup>
    <Filter Include="Gluttony">
      <UniqueIdentifier>{AB24E794-97F1-41A0-C00A-3048AC36772E}</UniqueIdentifier>
    </Filter>
  </ItemGroup>
  <ItemGroup>
    <ClInclude Include="src\Gluttony.h" />
    <ClInclude Include="src\Gluttony\Application.h">
      <Filter>Gluttony</Filter>
    </ClInclude>
    <ClInclude Include="src\Gluttony\Core.h">
      <Filter>Gluttony</Filter>
    </ClInclude>
    <ClInclude Include="src\Gluttony\EntryPoint.h">
      <Filter>Gluttony</Filter>
    </ClInclude>
    <ClInclude Include="src\Gluttony\Log.h">
      <Filter>Gluttony</Filter>
    </ClInclude>
  </ItemGroup>
  <ItemGroup>
    <ClCompile Include="src\Gluttony\Application.cpp">
      <Filter>Gluttony</Filter>
    </ClCompile>
    <ClCompile Include="src\Gluttony\Log.cpp">
      <Filter>Gluttony</Filter>
    </ClCompile>
  </ItemGroup>
</Project>